
Microsoft Visual Studio Solution File, Format Version 12.00
# Visual Studio 15
VisualStudioVersion = 15.0.28307.168
MinimumVisualStudioVersion = 10.0.40219.1
Project("{FAE04EC0-301F-11D3-BF4B-00C04F79EFBC}") = "OSDeveloper", "OSDeveloper\OSDeveloper.csproj", "{C81E8634-B7B8-4854-AABE-3A397B1D6983}"
	ProjectSection(ProjectDependencies) = postProject
		{3B8952BF-B70D-4468-9CC7-6B91BFF2C9C2} = {3B8952BF-B70D-4468-9CC7-6B91BFF2C9C2}
	EndProjectSection
EndProject
Project("{8BC9CEB8-8B4A-11D0-8D11-00A0C91BC942}") = "libosdev", "libosdev\libosdev.vcxproj", "{3B8952BF-B70D-4468-9CC7-6B91BFF2C9C2}"
EndProject
Project("{FAE04EC0-301F-11D3-BF4B-00C04F79EFBC}") = "Yencon", "Yencon\Yencon.csproj", "{88B6FDA5-047F-478D-B9B6-8B82177D5A0D}"
EndProject
Project("{FAE04EC0-301F-11D3-BF4B-00C04F79EFBC}") = "YenconCommandLineTool", "YenconCommandLineTool\YenconCommandLineTool.csproj", "{A39C90FA-D22F-49FC-8F29-1534FAD0FAEA}"
EndProject
Project("{2150E333-8FDC-42A3-9474-1A3956D46DE8}") = "Solution Items", "Solution Items", "{84EA8AFE-55D1-49F8-9F45-8D46BC0D21CB}"
	ProjectSection(SolutionItems) = preProject
		LICENSE.txt = LICENSE.txt
		README.md = README.md
		remove_binobj.bat = remove_binobj.bat
	EndProjectSection
EndProject
Project("{FAE04EC0-301F-11D3-BF4B-00C04F79EFBC}") = "TakymLib", "TakymLib\TakymLib.csproj", "{640FF830-49C6-4E5D-B9C4-18E5B63398CB}"
EndProject
Global
	GlobalSection(SolutionConfigurationPlatforms) = preSolution
		Debug|Default = Debug|Default
		Debug|Distrib64 = Debug|Distrib64
		Release|Default = Release|Default
		Release|Distrib64 = Release|Distrib64
	EndGlobalSection
	GlobalSection(ProjectConfigurationPlatforms) = postSolution
		{C81E8634-B7B8-4854-AABE-3A397B1D6983}.Debug|Default.ActiveCfg = Debug|Any CPU
		{C81E8634-B7B8-4854-AABE-3A397B1D6983}.Debug|Default.Build.0 = Debug|Any CPU
		{C81E8634-B7B8-4854-AABE-3A397B1D6983}.Debug|Distrib64.ActiveCfg = Debug|x64
		{C81E8634-B7B8-4854-AABE-3A397B1D6983}.Debug|Distrib64.Build.0 = Debug|x64
		{C81E8634-B7B8-4854-AABE-3A397B1D6983}.Release|Default.ActiveCfg = Release|Any CPU
		{C81E8634-B7B8-4854-AABE-3A397B1D6983}.Release|Default.Build.0 = Release|Any CPU
		{C81E8634-B7B8-4854-AABE-3A397B1D6983}.Release|Distrib64.ActiveCfg = Release|Any CPU
		{C81E8634-B7B8-4854-AABE-3A397B1D6983}.Release|Distrib64.Build.0 = Release|Any CPU
		{3B8952BF-B70D-4468-9CC7-6B91BFF2C9C2}.Debug|Default.ActiveCfg = Debug|Win32
		{3B8952BF-B70D-4468-9CC7-6B91BFF2C9C2}.Debug|Default.Build.0 = Debug|Win32
		{3B8952BF-B70D-4468-9CC7-6B91BFF2C9C2}.Debug|Distrib64.ActiveCfg = Debug|x64
		{3B8952BF-B70D-4468-9CC7-6B91BFF2C9C2}.Debug|Distrib64.Build.0 = Debug|x64
		{3B8952BF-B70D-4468-9CC7-6B91BFF2C9C2}.Release|Default.ActiveCfg = Release|Win32
		{3B8952BF-B70D-4468-9CC7-6B91BFF2C9C2}.Release|Default.Build.0 = Release|Win32
		{3B8952BF-B70D-4468-9CC7-6B91BFF2C9C2}.Release|Distrib64.ActiveCfg = Release|Win32
		{3B8952BF-B70D-4468-9CC7-6B91BFF2C9C2}.Release|Distrib64.Build.0 = Release|Win32
		{88B6FDA5-047F-478D-B9B6-8B82177D5A0D}.Debug|Default.ActiveCfg = Debug|Any CPU
		{88B6FDA5-047F-478D-B9B6-8B82177D5A0D}.Debug|Default.Build.0 = Debug|Any CPU
		{88B6FDA5-047F-478D-B9B6-8B82177D5A0D}.Debug|Distrib64.ActiveCfg = Debug|x64
		{88B6FDA5-047F-478D-B9B6-8B82177D5A0D}.Debug|Distrib64.Build.0 = Debug|x64
		{88B6FDA5-047F-478D-B9B6-8B82177D5A0D}.Release|Default.ActiveCfg = Release|Any CPU
		{88B6FDA5-047F-478D-B9B6-8B82177D5A0D}.Release|Default.Build.0 = Release|Any CPU
		{88B6FDA5-047F-478D-B9B6-8B82177D5A0D}.Release|Distrib64.ActiveCfg = Release|Any CPU
		{88B6FDA5-047F-478D-B9B6-8B82177D5A0D}.Release|Distrib64.Build.0 = Release|Any CPU
		{A39C90FA-D22F-49FC-8F29-1534FAD0FAEA}.Debug|Default.ActiveCfg = Debug|Any CPU
		{A39C90FA-D22F-49FC-8F29-1534FAD0FAEA}.Debug|Default.Build.0 = Debug|Any CPU
		{A39C90FA-D22F-49FC-8F29-1534FAD0FAEA}.Debug|Distrib64.ActiveCfg = Debug|x64
		{A39C90FA-D22F-49FC-8F29-1534FAD0FAEA}.Debug|Distrib64.Build.0 = Debug|x64
		{A39C90FA-D22F-49FC-8F29-1534FAD0FAEA}.Release|Default.ActiveCfg = Release|Any CPU
		{A39C90FA-D22F-49FC-8F29-1534FAD0FAEA}.Release|Default.Build.0 = Release|Any CPU
		{A39C90FA-D22F-49FC-8F29-1534FAD0FAEA}.Release|Distrib64.ActiveCfg = Release|Any CPU
		{A39C90FA-D22F-49FC-8F29-1534FAD0FAEA}.Release|Distrib64.Build.0 = Release|Any CPU
		{640FF830-49C6-4E5D-B9C4-18E5B63398CB}.Debug|Default.ActiveCfg = Debug|Any CPU
		{640FF830-49C6-4E5D-B9C4-18E5B63398CB}.Debug|Default.Build.0 = Debug|Any CPU
		{640FF830-49C6-4E5D-B9C4-18E5B63398CB}.Debug|Distrib64.ActiveCfg = Debug|x64
		{640FF830-49C6-4E5D-B9C4-18E5B63398CB}.Debug|Distrib64.Build.0 = Debug|x64
		{640FF830-49C6-4E5D-B9C4-18E5B63398CB}.Release|Default.ActiveCfg = Release|Any CPU
		{640FF830-49C6-4E5D-B9C4-18E5B63398CB}.Release|Default.Build.0 = Release|Any CPU
		{640FF830-49C6-4E5D-B9C4-18E5B63398CB}.Release|Distrib64.ActiveCfg = Release|Any CPU
		{640FF830-49C6-4E5D-B9C4-18E5B63398CB}.Release|Distrib64.Build.0 = Release|Any CPU
	EndGlobalSection
	GlobalSection(SolutionProperties) = preSolution
		HideSolutionNode = FALSE
	EndGlobalSection
	GlobalSection(ExtensibilityGlobals) = postSolution
		SolutionGuid = {4934EB84-762F-4137-969A-11274A80CAF5}
	EndGlobalSection
	GlobalSection(SolutionConfigurationPlatforms) = preSolution
		Debug|Default = Debug|Default
		Debug|Distrib64 = Debug|Distrib64
		Release|Default = Release|Default
		Release|Distrib64 = Release|Distrib64
	EndGlobalSection
	GlobalSection(SolutionConfigurationPlatforms) = preSolution
		Debug|Default = Debug|Default
		Debug|Distrib64 = Debug|Distrib64
		Release|Default = Release|Default
		Release|Distrib64 = Release|Distrib64
	EndGlobalSection
EndGlobal
