<?xml version="1.0" encoding="utf-8"?>
<Project ToolsVersion="4.0" xmlns="http://schemas.microsoft.com/developer/msbuild/2003">
  <ItemGroup>
    <Filter Include="ソース ファイル">
      <UniqueIdentifier>{4FC737F1-C7A5-4376-A066-2A32D752A2FF}</UniqueIdentifier>
      <Extensions>cpp;c;cc;cxx;def;odl;idl;hpj;bat;asm;asmx</Extensions>
    </Filter>
    <Filter Include="ヘッダー ファイル">
      <UniqueIdentifier>{93995380-89BD-4b04-88EB-625FBE52EBFB}</UniqueIdentifier>
      <Extensions>h;hh;hpp;hxx;hm;inl;inc;ipp;xsd</Extensions>
    </Filter>
    <Filter Include="リソース ファイル">
      <UniqueIdentifier>{67DA6AB6-F800-4c08-8B7A-83BB121AAD01}</UniqueIdentifier>
      <Extensions>rc;ico;cur;bmp;dlg;rc2;rct;bin;rgs;gif;jpg;jpeg;jpe;resx;tiff;tif;png;wav;mfcribbon-ms</Extensions>
    </Filter>
  </ItemGroup>
  <ItemGroup>
    <ClInclude Include="resource.h">
      <Filter>ヘッダー ファイル</Filter>
    </ClInclude>
  </ItemGroup>
  <ItemGroup>
    <Image Include="Icons\1000.Main.ico">
      <Filter>リソース ファイル</Filter>
    </Image>
    <Image Include="Icons\1001.FormMain.v0_0_0_0.ico">
      <Filter>リソース ファイル</Filter>
    </Image>
    <Image Include="Icons\1002.Unknown.v0_0_0_0.ico">
      <Filter>リソース ファイル</Filter>
    </Image>
    <Image Include="Icons\1003.File.v0_0_0_0.ico">
      <Filter>リソース ファイル</Filter>
    </Image>
    <Image Include="Icons\1004.BinaryFile.v0_0_0_0.ico">
      <Filter>リソース ファイル</Filter>
    </Image>
    <Image Include="Icons\1005.TextFile.v0_0_0_0.ico">
      <Filter>リソース ファイル</Filter>
    </Image>
    <Image Include="Icons\1006.Folder.v0_0_0_0.ico">
      <Filter>リソース ファイル</Filter>
    </Image>
    <Image Include="Icons\1007.FolderClose.v0_0_0_0.ico">
      <Filter>リソース ファイル</Filter>
    </Image>
    <Image Include="Icons\1008.FolderOpen.v0_0_0_0.ico">
      <Filter>リソース ファイル</Filter>
    </Image>
    <Image Include="Icons\1009.Refresh.v0_0_0_0.ico">
      <Filter>リソース ファイル</Filter>
    </Image>
    <Image Include="Icons\1010.Expand.v0_0_0_0.ico">
      <Filter>リソース ファイル</Filter>
    </Image>
    <Image Include="Icons\1011.Collapse.v0_0_0_0.ico">
      <Filter>リソース ファイル</Filter>
    </Image>
    <Image Include="Icons\1012.EditorWindow.v0_0_0_0.ico">
      <Filter>リソース ファイル</Filter>
    </Image>
    <Image Include="Icons\1013.ProgramFile.v0_0_0_0.ico">
      <Filter>リソース ファイル</Filter>
    </Image>
    <Image Include="Icons\1015.ResourceFile.v0_0_0_0.ico">
      <Filter>リソース ファイル</Filter>
    </Image>
    <Image Include="Icons\1014.SourceCodeFile.v0_0_0_0.ico">
      <Filter>リソース ファイル</Filter>
    </Image>
    <Image Include="Icons\1016.DocumentFile.v0_0_0_0.ico">
      <Filter>リソース ファイル</Filter>
    </Image>
  </ItemGroup>
  <ItemGroup>
    <ResourceCompile Include="resource.rc">
      <Filter>リソース ファイル</Filter>
    </ResourceCompile>
  </ItemGroup>
  <ItemGroup>
    <ClCompile Include="dummy.cpp">
      <Filter>ソース ファイル</Filter>
    </ClCompile>
  </ItemGroup>
</Project>